{
  "requires": true,
  "lockfileVersion": 1,
  "dependencies": {
    "buefy": {
      "version": "0.9.29",
      "resolved": "https://registry.npmjs.org/buefy/-/buefy-0.9.29.tgz",
      "integrity": "sha512-iJutB/ezTQcxqcKvKz129DzomMjNRGdy23lJBtoFQBG//2NveTcPkN/VRUF70z2WH3JB/5nmVeoxr8QOPcs42w==",
      "requires": {
        "bulma": "0.9.4"
      }
    },
    "bulma": {
      "version": "0.9.4",
      "resolved": "https://registry.npmjs.org/bulma/-/bulma-0.9.4.tgz",
      "integrity": "sha512-86FlT5+1GrsgKbPLRRY7cGDg8fsJiP/jzTqXXVqiUZZ2aZT8uemEOHlU1CDU+TxklPEZ11HZNNWclRBBecP4CQ=="
    }
  }
}
